{
  "name": "binaryrc",
  "version": "1.0.0",
  "lockfileVersion": 1,
  "requires": true,
  "dependencies": {
    "interactiveConsole": {
      "version": "0.0.7-alpha0",
      "resolved": "https://registry.npmjs.org/interactiveConsole/-/interactiveConsole-0.0.7-alpha0.tgz",
      "integrity": "sha512-CRYIBIJYDyp9KJO8rGcyJKFraXFHK8Ve0nLVFBA14MyueZL8uYD9FBomWjHyX3N16C3uLHyuA6QUuc85OY9jQw==",
      "dev": true
    },
    "nanoTest": {
      "version": "0.0.4-alpha",
      "resolved": "https://registry.npmjs.org/nanoTest/-/nanoTest-0.0.4-alpha.tgz",
      "integrity": "sha512-vGcvqYdkGGklBsNU5UDS9t2j2pdX6S7MS46jX75Hi8GBY+symahJ1OVkkqxzx/vFgiItjCn4KnaZa7MVzX78fw==",
      "dev": true,
      "requires": {
        "interactiveConsole": "^0.0.7-alpha0"
      }
    }
  }
}
